{
  "lockfileVersion": 1,
  "dependencies": {
    "splash-screen": {
      "version": "4.0.1",
      "resolved": "https://registry.npmjs.org/splash-screen/-/splash-screen-4.0.1.tgz",
      "integrity": "sha512-qk0oEKe5mWCLeHfRbVOkFDA/FweydoERzhlDOSY3aoV0/36a4kp8jLwRYO13ZVefFJ8mz4Szy00vJF6q5U6UHQ=="
    }
  }
}
